
Microsoft Visual Studio Solution File, Format Version 12.00
# Visual Studio Version 16
VisualStudioVersion = 16.0.32901.82
MinimumVisualStudioVersion = 10.0.40219.1
Project("{FAE04EC0-301F-11D3-BF4B-00C04F79EFBC}") = "Restaurent_Application", "Restaurent_Application\Restaurent_Application.csproj", "{93C87068-D628-4B39-AB96-CF59E71FBDC1}"
EndProject
Global
	GlobalSection(SolutionConfigurationPlatforms) = preSolution
		Debug|Any CPU = Debug|Any CPU
		Release|Any CPU = Release|Any CPU
	EndGlobalSection
	GlobalSection(ProjectConfigurationPlatforms) = postSolution
		{93C87068-D628-4B39-AB96-CF59E71FBDC1}.Debug|Any CPU.ActiveCfg = Debug|Any CPU
		{93C87068-D628-4B39-AB96-CF59E71FBDC1}.Debug|Any CPU.Build.0 = Debug|Any CPU
		{93C87068-D628-4B39-AB96-CF59E71FBDC1}.Release|Any CPU.ActiveCfg = Release|Any CPU
		{93C87068-D628-4B39-AB96-CF59E71FBDC1}.Release|Any CPU.Build.0 = Release|Any CPU
	EndGlobalSection
	GlobalSection(SolutionProperties) = preSolution
		HideSolutionNode = FALSE
	EndGlobalSection
	GlobalSection(ExtensibilityGlobals) = postSolution
		SolutionGuid = {8E337B9C-C84B-474B-B36D-475456F385B2}
	EndGlobalSection
EndGlobal
